
Microsoft Visual Studio Solution File, Format Version 12.00
# Visual Studio 2013
VisualStudioVersion = 12.0.40629.0
MinimumVisualStudioVersion = 10.0.40219.1
Project("{FAE04EC0-301F-11D3-BF4B-00C04F79EFBC}") = "SpyfallApp", "SpyfallApp\SpyfallApp.csproj", "{97B778A7-D698-4CF5-80B1-19DF44C1415C}"
EndProject
Project("{FAE04EC0-301F-11D3-BF4B-00C04F79EFBC}") = "SpyfallApp.Data", "SpyfallApp.Data\SpyfallApp.Data\SpyfallApp.Data.csproj", "{8BB8D4E1-E3C9-4009-8BF5-258383D7B049}"
EndProject
Project("{FAE04EC0-301F-11D3-BF4B-00C04F79EFBC}") = "SpyfallApp.Tests", "SpyfallApp.Tests\SpyfallApp.Tests.csproj", "{4622585B-6DF5-4398-9CA5-99745FB22DAE}"
EndProject
Global
	GlobalSection(SolutionConfigurationPlatforms) = preSolution
		Debug|Any CPU = Debug|Any CPU
		Release|Any CPU = Release|Any CPU
	EndGlobalSection
	GlobalSection(ProjectConfigurationPlatforms) = postSolution
		{97B778A7-D698-4CF5-80B1-19DF44C1415C}.Debug|Any CPU.ActiveCfg = Debug|Any CPU
		{97B778A7-D698-4CF5-80B1-19DF44C1415C}.Debug|Any CPU.Build.0 = Debug|Any CPU
		{97B778A7-D698-4CF5-80B1-19DF44C1415C}.Release|Any CPU.ActiveCfg = Release|Any CPU
		{97B778A7-D698-4CF5-80B1-19DF44C1415C}.Release|Any CPU.Build.0 = Release|Any CPU
		{8BB8D4E1-E3C9-4009-8BF5-258383D7B049}.Debug|Any CPU.ActiveCfg = Debug|Any CPU
		{8BB8D4E1-E3C9-4009-8BF5-258383D7B049}.Debug|Any CPU.Build.0 = Debug|Any CPU
		{8BB8D4E1-E3C9-4009-8BF5-258383D7B049}.Release|Any CPU.ActiveCfg = Release|Any CPU
		{8BB8D4E1-E3C9-4009-8BF5-258383D7B049}.Release|Any CPU.Build.0 = Release|Any CPU
		{4622585B-6DF5-4398-9CA5-99745FB22DAE}.Debug|Any CPU.ActiveCfg = Debug|Any CPU
		{4622585B-6DF5-4398-9CA5-99745FB22DAE}.Debug|Any CPU.Build.0 = Debug|Any CPU
		{4622585B-6DF5-4398-9CA5-99745FB22DAE}.Release|Any CPU.ActiveCfg = Release|Any CPU
		{4622585B-6DF5-4398-9CA5-99745FB22DAE}.Release|Any CPU.Build.0 = Release|Any CPU
	EndGlobalSection
	GlobalSection(SolutionProperties) = preSolution
		HideSolutionNode = FALSE
	EndGlobalSection
EndGlobal
